
Microsoft Visual Studio Solution File, Format Version 12.00
# Visual Studio Version 17
VisualStudioVersion = 17.13.35931.197 d17.13
MinimumVisualStudioVersion = 10.0.40219.1
Project("{FAE04EC0-301F-11D3-BF4B-00C04F79EFBC}") = "Dsw2025Ej8", "Dsw2025Ej8.csproj", "{C469DD73-8F2C-4124-804B-BCFFCEB4EF8B}"
EndProject
Global
	GlobalSection(SolutionConfigurationPlatforms) = preSolution
		Debug|Any CPU = Debug|Any CPU
		Release|Any CPU = Release|Any CPU
	EndGlobalSection
	GlobalSection(ProjectConfigurationPlatforms) = postSolution
		{C469DD73-8F2C-4124-804B-BCFFCEB4EF8B}.Debug|Any CPU.ActiveCfg = Debug|Any CPU
		{C469DD73-8F2C-4124-804B-BCFFCEB4EF8B}.Debug|Any CPU.Build.0 = Debug|Any CPU
		{C469DD73-8F2C-4124-804B-BCFFCEB4EF8B}.Release|Any CPU.ActiveCfg = Release|Any CPU
		{C469DD73-8F2C-4124-804B-BCFFCEB4EF8B}.Release|Any CPU.Build.0 = Release|Any CPU
	EndGlobalSection
	GlobalSection(SolutionProperties) = preSolution
		HideSolutionNode = FALSE
	EndGlobalSection
	GlobalSection(ExtensibilityGlobals) = postSolution
		SolutionGuid = {2A215354-F5D5-434C-A711-FBF93BC2F25B}
	EndGlobalSection
EndGlobal
