
Microsoft Visual Studio Solution File, Format Version 12.00
# Visual Studio Version 17
VisualStudioVersion = 17.13.35931.197 d17.13
MinimumVisualStudioVersion = 10.0.40219.1
Project("{FAE04EC0-301F-11D3-BF4B-00C04F79EFBC}") = "Dsw2025Ej10", "Dsw2025Ej10.csproj", "{421C212E-4B33-4A8D-8D89-5A1EE1E10627}"
EndProject
Global
	GlobalSection(SolutionConfigurationPlatforms) = preSolution
		Debug|Any CPU = Debug|Any CPU
		Release|Any CPU = Release|Any CPU
	EndGlobalSection
	GlobalSection(ProjectConfigurationPlatforms) = postSolution
		{421C212E-4B33-4A8D-8D89-5A1EE1E10627}.Debug|Any CPU.ActiveCfg = Debug|Any CPU
		{421C212E-4B33-4A8D-8D89-5A1EE1E10627}.Debug|Any CPU.Build.0 = Debug|Any CPU
		{421C212E-4B33-4A8D-8D89-5A1EE1E10627}.Release|Any CPU.ActiveCfg = Release|Any CPU
		{421C212E-4B33-4A8D-8D89-5A1EE1E10627}.Release|Any CPU.Build.0 = Release|Any CPU
	EndGlobalSection
	GlobalSection(SolutionProperties) = preSolution
		HideSolutionNode = FALSE
	EndGlobalSection
	GlobalSection(ExtensibilityGlobals) = postSolution
		SolutionGuid = {1355ED41-0D49-43EF-A9B8-40542C4C39C3}
	EndGlobalSection
EndGlobal
