
Microsoft Visual Studio Solution File, Format Version 12.00
# Visual Studio Version 17
VisualStudioVersion = 17.13.35931.197 d17.13
MinimumVisualStudioVersion = 10.0.40219.1
Project("{FAE04EC0-301F-11D3-BF4B-00C04F79EFBC}") = "Dsw2025Ej9", "Dsw2025Ej9.csproj", "{0F3D8DE7-E1DB-4855-9AD5-85348DD6377D}"
EndProject
Global
	GlobalSection(SolutionConfigurationPlatforms) = preSolution
		Debug|Any CPU = Debug|Any CPU
		Release|Any CPU = Release|Any CPU
	EndGlobalSection
	GlobalSection(ProjectConfigurationPlatforms) = postSolution
		{0F3D8DE7-E1DB-4855-9AD5-85348DD6377D}.Debug|Any CPU.ActiveCfg = Debug|Any CPU
		{0F3D8DE7-E1DB-4855-9AD5-85348DD6377D}.Debug|Any CPU.Build.0 = Debug|Any CPU
		{0F3D8DE7-E1DB-4855-9AD5-85348DD6377D}.Release|Any CPU.ActiveCfg = Release|Any CPU
		{0F3D8DE7-E1DB-4855-9AD5-85348DD6377D}.Release|Any CPU.Build.0 = Release|Any CPU
	EndGlobalSection
	GlobalSection(SolutionProperties) = preSolution
		HideSolutionNode = FALSE
	EndGlobalSection
	GlobalSection(ExtensibilityGlobals) = postSolution
		SolutionGuid = {84274F87-AC00-4258-8456-DC9D5636519A}
	EndGlobalSection
EndGlobal
